{
  "name": "@ash.ts/ash",
  "version": "0.10.0",
  "lockfileVersion": 1,
  "requires": true,
  "dependencies": {
    "@ash.ts/core": {
      "version": "file:../core",
      "requires": {
        "@ash.ts/signals": "file:../signals"
      }
    },
    "@ash.ts/fsm": {
      "version": "file:../fsm",
      "requires": {
        "@ash.ts/core": "file:../core"
      }
    },
    "@ash.ts/signals": {
      "version": "file:../signals"
    },
    "@ash.ts/tick": {
      "version": "file:../tick",
      "requires": {
        "@ash.ts/signals": "file:../signals"
      }
    },
    "@ash.ts/tools": {
      "version": "file:../tools",
      "requires": {
        "@ash.ts/core": "file:../core"
      }
    }
  }
}
